<?xml version="1.0" encoding="utf-8"?>
<Project ToolsVersion="4.0" xmlns="http://schemas.microsoft.com/developer/msbuild/2003">
  <ItemGroup>
    <Filter Include="Source Files">
      <UniqueIdentifier>{4FC737F1-C7A5-4376-A066-2A32D752A2FF}</UniqueIdentifier>
      <Extensions>cpp;c;cc;cxx;c++;cppm;ixx;def;odl;idl;hpj;bat;asm;asmx</Extensions>
    </Filter>
    <Filter Include="Header Files">
      <UniqueIdentifier>{93995380-89BD-4b04-88EB-625FBE52EBFB}</UniqueIdentifier>
      <Extensions>h;hh;hpp;hxx;h++;hm;inl;inc;ipp;xsd</Extensions>
    </Filter>
    <Filter Include="Resource Files">
      <UniqueIdentifier>{67DA6AB6-F800-4c08-8B7A-83BB121AAD01}</UniqueIdentifier>
      <Extensions>rc;ico;cur;bmp;dlg;rc2;rct;bin;rgs;gif;jpg;jpeg;jpe;resx;tiff;tif;png;wav;mfcribbon-ms</Extensions>
    </Filter>
  </ItemGroup>
  <ItemGroup>
    <ClCompile Include="CApp.cpp">
      <Filter>Source Files</Filter>
    </ClCompile>
    <ClCompile Include="main.cpp">
      <Filter>Source Files</Filter>
    </ClCompile>
    <ClCompile Include="CM-RayTrace\image.cpp">
      <Filter>Source Files</Filter>
    </ClCompile>
    <ClCompile Include="CM-RayTrace\ray.cpp">
      <Filter>Source Files</Filter>
    </ClCompile>
    <ClCompile Include="CM-RayTrace\camera.cpp">
      <Filter>Source Files</Filter>
    </ClCompile>
    <ClCompile Include="CM-RayTrace\gtfm.cpp">
      <Filter>Source Files</Filter>
    </ClCompile>
    <ClCompile Include="CM-RayTrace\CM-Lights\lightbase.cpp">
      <Filter>Source Files</Filter>
    </ClCompile>
    <ClCompile Include="CM-RayTrace\CM-Primitives\objectbase.cpp">
      <Filter>Source Files</Filter>
    </ClCompile>
    <ClCompile Include="CM-RayTrace\CM-Primitives\objplane.cpp">
      <Filter>Source Files</Filter>
    </ClCompile>
    <ClCompile Include="CM-RayTrace\CM-Primitives\objsphere.cpp">
      <Filter>Source Files</Filter>
    </ClCompile>
    <ClCompile Include="CM-RayTrace\CM-Materials\materialbase.cpp">
      <Filter>Source Files</Filter>
    </ClCompile>
    <ClCompile Include="CM-RayTrace\CM-Materials\simplematerial.cpp">
      <Filter>Source Files</Filter>
    </ClCompile>
    <ClCompile Include="CM-RayTrace\CM-Primitives\cone.cpp">
      <Filter>Source Files</Filter>
    </ClCompile>
    <ClCompile Include="CM-RayTrace\CM-Primitives\cylinder.cpp">
      <Filter>Source Files</Filter>
    </ClCompile>
    <ClCompile Include="CM-RayTrace\CM-Lights\pointlight.cpp">
      <Filter>Source Files</Filter>
    </ClCompile>
    <ClCompile Include="CM-RayTrace\CM-Textures\checker.cpp">
      <Filter>Source Files</Filter>
    </ClCompile>
    <ClCompile Include="CM-RayTrace\CM-Textures\flat.cpp">
      <Filter>Source Files</Filter>
    </ClCompile>
    <ClCompile Include="CM-RayTrace\CM-Textures\texturebase.cpp">
      <Filter>Source Files</Filter>
    </ClCompile>
    <ClCompile Include="CM-RayTrace\scene.cpp">
      <Filter>Source Files</Filter>
    </ClCompile>
  </ItemGroup>
  <ItemGroup>
    <ClInclude Include="CApp.h">
      <Filter>Header Files</Filter>
    </ClInclude>
    <ClInclude Include="CM-RayTrace\image.hpp">
      <Filter>Header Files</Filter>
    </ClInclude>
    <ClInclude Include="CM-RayTrace\scene.hpp">
      <Filter>Header Files</Filter>
    </ClInclude>
    <ClInclude Include="CM-RayTrace\ray.hpp">
      <Filter>Header Files</Filter>
    </ClInclude>
    <ClInclude Include="CM-RayTrace\camera.hpp">
      <Filter>Header Files</Filter>
    </ClInclude>
    <ClInclude Include="CM-RayTrace\gtfm.hpp">
      <Filter>Header Files</Filter>
    </ClInclude>
    <ClInclude Include="CM-RayTrace\CM-Lights\lightbase.hpp">
      <Filter>Header Files</Filter>
    </ClInclude>
    <ClInclude Include="CM-RayTrace\CM-Lights\pointlight.hpp">
      <Filter>Header Files</Filter>
    </ClInclude>
    <ClInclude Include="CM-RayTrace\CM-Primitives\objectbase.hpp">
      <Filter>Header Files</Filter>
    </ClInclude>
    <ClInclude Include="CM-RayTrace\CM-Primitives\objplane.hpp">
      <Filter>Header Files</Filter>
    </ClInclude>
    <ClInclude Include="CM-RayTrace\CM-Primitives\objsphere.hpp">
      <Filter>Header Files</Filter>
    </ClInclude>
    <ClInclude Include="CM-RayTrace\CM-Materials\materialbase.hpp">
      <Filter>Header Files</Filter>
    </ClInclude>
    <ClInclude Include="CM-RayTrace\CM-Materials\simplematerial.hpp">
      <Filter>Header Files</Filter>
    </ClInclude>
    <ClInclude Include="CM-RayTrace\CM-Primitives\cone.hpp">
      <Filter>Header Files</Filter>
    </ClInclude>
    <ClInclude Include="CM-RayTrace\CM-Primitives\cylinder.hpp">
      <Filter>Header Files</Filter>
    </ClInclude>
    <ClInclude Include="CM-RayTrace\CM-Textures\checker.hpp">
      <Filter>Header Files</Filter>
    </ClInclude>
    <ClInclude Include="CM-RayTrace\CM-Textures\flat.hpp">
      <Filter>Header Files</Filter>
    </ClInclude>
    <ClInclude Include="CM-RayTrace\CM-Textures\texturebase.hpp">
      <Filter>Header Files</Filter>
    </ClInclude>
  </ItemGroup>
  <ItemGroup>
    <Text Include="CMakeLists.txt">
      <Filter>Resource Files</Filter>
    </Text>
  </ItemGroup>
</Project>